// !$*UTF8*$!
{
	archiveVersion = 1;
	classes = {
	};
	objectVersion = 51;
	objects = {

/* Begin PBXBuildFile section */
		1619841D251730E900B495BE /* SignUpViewController.swift in Sources */ = {isa = PBXBuildFile; fileRef = 1619841C251730E900B495BE /* SignUpViewController.swift */; };
		1619841F2517310F00B495BE /* LoginViewController.swift in Sources */ = {isa = PBXBuildFile; fileRef = 1619841E2517310F00B495BE /* LoginViewController.swift */; };
		161984212517313700B495BE /* HomeViewController.swift in Sources */ = {isa = PBXBuildFile; fileRef = 161984202517313700B495BE /* HomeViewController.swift */; };
		161984242517529B00B495BE /* GoogleService-Info.plist in Resources */ = {isa = PBXBuildFile; fileRef = 161984232517529B00B495BE /* GoogleService-Info.plist */; };
		161984272517A92100B495BE /* Constants.swift in Sources */ = {isa = PBXBuildFile; fileRef = 161984262517A92100B495BE /* Constants.swift */; };
		161984292517D47D00B495BE /* MapScreen.swift in Sources */ = {isa = PBXBuildFile; fileRef = 161984282517D47D00B495BE /* MapScreen.swift */; };
		16B2881325139E9900A4587F /* AppDelegate.swift in Sources */ = {isa = PBXBuildFile; fileRef = 16B2881225139E9900A4587F /* AppDelegate.swift */; };
		16B2881525139E9900A4587F /* SceneDelegate.swift in Sources */ = {isa = PBXBuildFile; fileRef = 16B2881425139E9900A4587F /* SceneDelegate.swift */; };
		16B2881725139E9900A4587F /* ViewController.swift in Sources */ = {isa = PBXBuildFile; fileRef = 16B2881625139E9900A4587F /* ViewController.swift */; };
		16B2881A25139E9900A4587F /* Main.storyboard in Resources */ = {isa = PBXBuildFile; fileRef = 16B2881825139E9900A4587F /* Main.storyboard */; };
		16B2881C25139E9B00A4587F /* Assets.xcassets in Resources */ = {isa = PBXBuildFile; fileRef = 16B2881B25139E9B00A4587F /* Assets.xcassets */; };
		16B2881F25139E9B00A4587F /* LaunchScreen.storyboard in Resources */ = {isa = PBXBuildFile; fileRef = 16B2881D25139E9B00A4587F /* LaunchScreen.storyboard */; };
		16B2882A25139E9B00A4587F /* Test2Tests.swift in Sources */ = {isa = PBXBuildFile; fileRef = 16B2882925139E9B00A4587F /* Test2Tests.swift */; };
		16B2883525139E9B00A4587F /* Test2UITests.swift in Sources */ = {isa = PBXBuildFile; fileRef = 16B2883425139E9B00A4587F /* Test2UITests.swift */; };
		6F617E6025228A1A002E28A0 /* Student.swift in Sources */ = {isa = PBXBuildFile; fileRef = 6F617E5F25228A1A002E28A0 /* Student.swift */; };
		6F617E6125228A1A002E28A0 /* Student.swift in Sources */ = {isa = PBXBuildFile; fileRef = 6F617E5F25228A1A002E28A0 /* Student.swift */; };
		6F617E6925228BBB002E28A0 /* StudentTests.swift in Sources */ = {isa = PBXBuildFile; fileRef = 6F617E6825228BBB002E28A0 /* StudentTests.swift */; };
		6F617E6E25229F4B002E28A0 /* LoginUITest.swift in Sources */ = {isa = PBXBuildFile; fileRef = 6F617E6D25229F4B002E28A0 /* LoginUITest.swift */; };
		A881232F888C95DBB7CB54EF /* Pods_Test2.framework in Frameworks */ = {isa = PBXBuildFile; fileRef = 8BEF7878AC7EBC53A4D87BEE /* Pods_Test2.framework */; };
		CF7EEA6306D9A7313B45697C /* Pods_Test2Tests.framework in Frameworks */ = {isa = PBXBuildFile; fileRef = C4BF9C11C5F7CDA398914992 /* Pods_Test2Tests.framework */; };
/* End PBXBuildFile section */

/* Begin PBXContainerItemProxy section */
		16B2882625139E9B00A4587F /* PBXContainerItemProxy */ = {
			isa = PBXContainerItemProxy;
			containerPortal = 16B2880725139E9900A4587F /* Project object */;
			proxyType = 1;
			remoteGlobalIDString = 16B2880E25139E9900A4587F;
			remoteInfo = Test2;
		};
		16B2883125139E9B00A4587F /* PBXContainerItemProxy */ = {
			isa = PBXContainerItemProxy;
			containerPortal = 16B2880725139E9900A4587F /* Project object */;
			proxyType = 1;
			remoteGlobalIDString = 16B2880E25139E9900A4587F;
			remoteInfo = Test2;
		};
/* End PBXContainerItemProxy section */

/* Begin PBXFileReference section */
		1619841C251730E900B495BE /* SignUpViewController.swift */ = {isa = PBXFileReference; lastKnownFileType = sourcecode.swift; path = SignUpViewController.swift; sourceTree = "<group>"; };
		1619841E2517310F00B495BE /* LoginViewController.swift */ = {isa = PBXFileReference; lastKnownFileType = sourcecode.swift; path = LoginViewController.swift; sourceTree = "<group>"; };
		161984202517313700B495BE /* HomeViewController.swift */ = {isa = PBXFileReference; lastKnownFileType = sourcecode.swift; path = HomeViewController.swift; sourceTree = "<group>"; };
		161984232517529B00B495BE /* GoogleService-Info.plist */ = {isa = PBXFileReference; fileEncoding = 4; lastKnownFileType = text.plist.xml; path = "GoogleService-Info.plist"; sourceTree = "<group>"; };
		161984262517A92100B495BE /* Constants.swift */ = {isa = PBXFileReference; lastKnownFileType = sourcecode.swift; path = Constants.swift; sourceTree = "<group>"; };
		161984282517D47D00B495BE /* MapScreen.swift */ = {isa = PBXFileReference; lastKnownFileType = sourcecode.swift; path = MapScreen.swift; sourceTree = "<group>"; };
		16B2880F25139E9900A4587F /* Test2.app */ = {isa = PBXFileReference; explicitFileType = wrapper.application; includeInIndex = 0; path = Test2.app; sourceTree = BUILT_PRODUCTS_DIR; };
		16B2881225139E9900A4587F /* AppDelegate.swift */ = {isa = PBXFileReference; lastKnownFileType = sourcecode.swift; path = AppDelegate.swift; sourceTree = "<group>"; };
		16B2881425139E9900A4587F /* SceneDelegate.swift */ = {isa = PBXFileReference; lastKnownFileType = sourcecode.swift; path = SceneDelegate.swift; sourceTree = "<group>"; };
		16B2881625139E9900A4587F /* ViewController.swift */ = {isa = PBXFileReference; lastKnownFileType = sourcecode.swift; path = ViewController.swift; sourceTree = "<group>"; };
		16B2881925139E9900A4587F /* Base */ = {isa = PBXFileReference; lastKnownFileType = file.storyboard; name = Base; path = Base.lproj/Main.storyboard; sourceTree = "<group>"; };
		16B2881B25139E9B00A4587F /* Assets.xcassets */ = {isa = PBXFileReference; lastKnownFileType = folder.assetcatalog; path = Assets.xcassets; sourceTree = "<group>"; };
		16B2881E25139E9B00A4587F /* Base */ = {isa = PBXFileReference; lastKnownFileType = file.storyboard; name = Base; path = Base.lproj/LaunchScreen.storyboard; sourceTree = "<group>"; };
		16B2882025139E9B00A4587F /* Info.plist */ = {isa = PBXFileReference; lastKnownFileType = text.plist.xml; path = Info.plist; sourceTree = "<group>"; };
		16B2882525139E9B00A4587F /* Test2Tests.xctest */ = {isa = PBXFileReference; explicitFileType = wrapper.cfbundle; includeInIndex = 0; path = Test2Tests.xctest; sourceTree = BUILT_PRODUCTS_DIR; };
		16B2882925139E9B00A4587F /* Test2Tests.swift */ = {isa = PBXFileReference; lastKnownFileType = sourcecode.swift; path = Test2Tests.swift; sourceTree = "<group>"; };
		16B2882B25139E9B00A4587F /* Info.plist */ = {isa = PBXFileReference; lastKnownFileType = text.plist.xml; path = Info.plist; sourceTree = "<group>"; };
		16B2883025139E9B00A4587F /* Test2UITests.xctest */ = {isa = PBXFileReference; explicitFileType = wrapper.cfbundle; includeInIndex = 0; path = Test2UITests.xctest; sourceTree = BUILT_PRODUCTS_DIR; };
		16B2883425139E9B00A4587F /* Test2UITests.swift */ = {isa = PBXFileReference; lastKnownFileType = sourcecode.swift; path = Test2UITests.swift; sourceTree = "<group>"; };
		16B2883625139E9B00A4587F /* Info.plist */ = {isa = PBXFileReference; lastKnownFileType = text.plist.xml; path = Info.plist; sourceTree = "<group>"; };
		47D320590C0789EE959A701C /* Pods-Test2.release.xcconfig */ = {isa = PBXFileReference; includeInIndex = 1; lastKnownFileType = text.xcconfig; name = "Pods-Test2.release.xcconfig"; path = "Target Support Files/Pods-Test2/Pods-Test2.release.xcconfig"; sourceTree = "<group>"; };
		53D5813D0734F3ADAEAA61C8 /* Pods-Test2Tests.release.xcconfig */ = {isa = PBXFileReference; includeInIndex = 1; lastKnownFileType = text.xcconfig; name = "Pods-Test2Tests.release.xcconfig"; path = "Target Support Files/Pods-Test2Tests/Pods-Test2Tests.release.xcconfig"; sourceTree = "<group>"; };
		6F617E5F25228A1A002E28A0 /* Student.swift */ = {isa = PBXFileReference; lastKnownFileType = sourcecode.swift; path = Student.swift; sourceTree = "<group>"; };
		6F617E6825228BBB002E28A0 /* StudentTests.swift */ = {isa = PBXFileReference; lastKnownFileType = sourcecode.swift; path = StudentTests.swift; sourceTree = "<group>"; };
		6F617E6D25229F4B002E28A0 /* LoginUITest.swift */ = {isa = PBXFileReference; lastKnownFileType = sourcecode.swift; path = LoginUITest.swift; sourceTree = "<group>"; };
		8BEF7878AC7EBC53A4D87BEE /* Pods_Test2.framework */ = {isa = PBXFileReference; explicitFileType = wrapper.framework; includeInIndex = 0; path = Pods_Test2.framework; sourceTree = BUILT_PRODUCTS_DIR; };
		B05ECD60E905D135BDF04A49 /* Pods-Test2Tests.debug.xcconfig */ = {isa = PBXFileReference; includeInIndex = 1; lastKnownFileType = text.xcconfig; name = "Pods-Test2Tests.debug.xcconfig"; path = "Target Support Files/Pods-Test2Tests/Pods-Test2Tests.debug.xcconfig"; sourceTree = "<group>"; };
		C4BF9C11C5F7CDA398914992 /* Pods_Test2Tests.framework */ = {isa = PBXFileReference; explicitFileType = wrapper.framework; includeInIndex = 0; path = Pods_Test2Tests.framework; sourceTree = BUILT_PRODUCTS_DIR; };
		D190D0F82AF5F9DE060E9B31 /* Pods-Test2.debug.xcconfig */ = {isa = PBXFileReference; includeInIndex = 1; lastKnownFileType = text.xcconfig; name = "Pods-Test2.debug.xcconfig"; path = "Target Support Files/Pods-Test2/Pods-Test2.debug.xcconfig"; sourceTree = "<group>"; };
/* End PBXFileReference section */

/* Begin PBXFrameworksBuildPhase section */
		16B2880C25139E9900A4587F /* Frameworks */ = {
			isa = PBXFrameworksBuildPhase;
			buildActionMask = 2147483647;
			files = (
				A881232F888C95DBB7CB54EF /* Pods_Test2.framework in Frameworks */,
			);
			runOnlyForDeploymentPostprocessing = 0;
		};
		16B2882225139E9B00A4587F /* Frameworks */ = {
			isa = PBXFrameworksBuildPhase;
			buildActionMask = 2147483647;
			files = (
				CF7EEA6306D9A7313B45697C /* Pods_Test2Tests.framework in Frameworks */,
			);
			runOnlyForDeploymentPostprocessing = 0;
		};
		16B2882D25139E9B00A4587F /* Frameworks */ = {
			isa = PBXFrameworksBuildPhase;
			buildActionMask = 2147483647;
			files = (
			);
			runOnlyForDeploymentPostprocessing = 0;
		};
/* End PBXFrameworksBuildPhase section */

/* Begin PBXGroup section */
		161984222517317F00B495BE /* View Controllers */ = {
			isa = PBXGroup;
			children = (
				16B2881625139E9900A4587F /* ViewController.swift */,
				1619841C251730E900B495BE /* SignUpViewController.swift */,
				1619841E2517310F00B495BE /* LoginViewController.swift */,
				161984202517313700B495BE /* HomeViewController.swift */,
				161984282517D47D00B495BE /* MapScreen.swift */,
			);
			path = "View Controllers";
			sourceTree = "<group>";
		};
		161984252517A8B600B495BE /* Helpers */ = {
			isa = PBXGroup;
			children = (
				161984262517A92100B495BE /* Constants.swift */,
			);
			path = Helpers;
			sourceTree = "<group>";
		};
		16B2880625139E9900A4587F = {
			isa = PBXGroup;
			children = (
				16B2881125139E9900A4587F /* Test2 */,
				16B2882825139E9B00A4587F /* Test2Tests */,
				16B2883325139E9B00A4587F /* Test2UITests */,
				16B2881025139E9900A4587F /* Products */,
				8391B66397A3BE7B0A22C2A0 /* Pods */,
				2DD0F97B827ED953F912C115 /* Frameworks */,
			);
			sourceTree = "<group>";
		};
		16B2881025139E9900A4587F /* Products */ = {
			isa = PBXGroup;
			children = (
				16B2880F25139E9900A4587F /* Test2.app */,
				16B2882525139E9B00A4587F /* Test2Tests.xctest */,
				16B2883025139E9B00A4587F /* Test2UITests.xctest */,
			);
			name = Products;
			sourceTree = "<group>";
		};
		16B2881125139E9900A4587F /* Test2 */ = {
			isa = PBXGroup;
			children = (
				16B2881225139E9900A4587F /* AppDelegate.swift */,
				16B2881425139E9900A4587F /* SceneDelegate.swift */,
				161984252517A8B600B495BE /* Helpers */,
				161984222517317F00B495BE /* View Controllers */,
				16B2881825139E9900A4587F /* Main.storyboard */,
				16B2881B25139E9B00A4587F /* Assets.xcassets */,
				16B2881D25139E9B00A4587F /* LaunchScreen.storyboard */,
				161984232517529B00B495BE /* GoogleService-Info.plist */,
				16B2882025139E9B00A4587F /* Info.plist */,
				6F617E5F25228A1A002E28A0 /* Student.swift */,
			);
			path = Test2;
			sourceTree = "<group>";
		};
		16B2882825139E9B00A4587F /* Test2Tests */ = {
			isa = PBXGroup;
			children = (
				16B2882925139E9B00A4587F /* Test2Tests.swift */,
				16B2882B25139E9B00A4587F /* Info.plist */,
				6F617E6825228BBB002E28A0 /* StudentTests.swift */,
			);
			path = Test2Tests;
			sourceTree = "<group>";
		};
		16B2883325139E9B00A4587F /* Test2UITests */ = {
			isa = PBXGroup;
			children = (
				16B2883425139E9B00A4587F /* Test2UITests.swift */,
				16B2883625139E9B00A4587F /* Info.plist */,
				6F617E6D25229F4B002E28A0 /* LoginUITest.swift */,
			);
			path = Test2UITests;
			sourceTree = "<group>";
		};
		2DD0F97B827ED953F912C115 /* Frameworks */ = {
			isa = PBXGroup;
			children = (
				8BEF7878AC7EBC53A4D87BEE /* Pods_Test2.framework */,
				C4BF9C11C5F7CDA398914992 /* Pods_Test2Tests.framework */,
			);
			name = Frameworks;
			sourceTree = "<group>";
		};
		8391B66397A3BE7B0A22C2A0 /* Pods */ = {
			isa = PBXGroup;
			children = (
				D190D0F82AF5F9DE060E9B31 /* Pods-Test2.debug.xcconfig */,
				47D320590C0789EE959A701C /* Pods-Test2.release.xcconfig */,
				B05ECD60E905D135BDF04A49 /* Pods-Test2Tests.debug.xcconfig */,
				53D5813D0734F3ADAEAA61C8 /* Pods-Test2Tests.release.xcconfig */,
			);
			path = Pods;
			sourceTree = "<group>";
		};
/* End PBXGroup section */

/* Begin PBXNativeTarget section */
		16B2880E25139E9900A4587F /* Test2 */ = {
			isa = PBXNativeTarget;
			buildConfigurationList = 16B2883925139E9B00A4587F /* Build configuration list for PBXNativeTarget "Test2" */;
			buildPhases = (
				D33076BAE64B725954104FE8 /* [CP] Check Pods Manifest.lock */,
				16B2880B25139E9900A4587F /* Sources */,
				16B2880C25139E9900A4587F /* Frameworks */,
				16B2880D25139E9900A4587F /* Resources */,
				A83ED10B1DAAA17C4DBBB303 /* [CP] Embed Pods Frameworks */,
			);
			buildRules = (
			);
			dependencies = (
			);
			name = Test2;
			productName = Test2;
			productReference = 16B2880F25139E9900A4587F /* Test2.app */;
			productType = "com.apple.product-type.application";
		};
		16B2882425139E9B00A4587F /* Test2Tests */ = {
			isa = PBXNativeTarget;
			buildConfigurationList = 16B2883C25139E9B00A4587F /* Build configuration list for PBXNativeTarget "Test2Tests" */;
			buildPhases = (
				768C565AF94CA38F66FBAF6C /* [CP] Check Pods Manifest.lock */,
				16B2882125139E9B00A4587F /* Sources */,
				16B2882225139E9B00A4587F /* Frameworks */,
				16B2882325139E9B00A4587F /* Resources */,
			);
			buildRules = (
			);
			dependencies = (
				16B2882725139E9B00A4587F /* PBXTargetDependency */,
			);
			name = Test2Tests;
			productName = Test2Tests;
			productReference = 16B2882525139E9B00A4587F /* Test2Tests.xctest */;
			productType = "com.apple.product-type.bundle.unit-test";
		};
		16B2882F25139E9B00A4587F /* Test2UITests */ = {
			isa = PBXNativeTarget;
			buildConfigurationList = 16B2883F25139E9B00A4587F /* Build configuration list for PBXNativeTarget "Test2UITests" */;
			buildPhases = (
				16B2882C25139E9B00A4587F /* Sources */,
				16B2882D25139E9B00A4587F /* Frameworks */,
				16B2882E25139E9B00A4587F /* Resources */,
			);
			buildRules = (
			);
			dependencies = (
				16B2883225139E9B00A4587F /* PBXTargetDependency */,
			);
			name = Test2UITests;
			productName = Test2UITests;
			productReference = 16B2883025139E9B00A4587F /* Test2UITests.xctest */;
			productType = "com.apple.product-type.bundle.ui-testing";
		};
/* End PBXNativeTarget section */

/* Begin PBXProject section */
		16B2880725139E9900A4587F /* Project object */ = {
			isa = PBXProject;
			attributes = {
				LastSwiftUpdateCheck = 1170;
				LastUpgradeCheck = 1170;
				ORGANIZATIONNAME = "Lionel Rajapakse";
				TargetAttributes = {
					16B2880E25139E9900A4587F = {
						CreatedOnToolsVersion = 11.7;
					};
					16B2882425139E9B00A4587F = {
						CreatedOnToolsVersion = 11.7;
						TestTargetID = 16B2880E25139E9900A4587F;
					};
					16B2882F25139E9B00A4587F = {
						CreatedOnToolsVersion = 11.7;
						TestTargetID = 16B2880E25139E9900A4587F;
					};
				};
			};
			buildConfigurationList = 16B2880A25139E9900A4587F /* Build configuration list for PBXProject "Test2" */;
			compatibilityVersion = "Xcode 9.3";
			developmentRegion = en;
			hasScannedForEncodings = 0;
			knownRegions = (
				en,
				Base,
			);
			mainGroup = 16B2880625139E9900A4587F;
			productRefGroup = 16B2881025139E9900A4587F /* Products */;
			projectDirPath = "";
			projectRoot = "";
			targets = (
				16B2880E25139E9900A4587F /* Test2 */,
				16B2882425139E9B00A4587F /* Test2Tests */,
				16B2882F25139E9B00A4587F /* Test2UITests */,
			);
		};
/* End PBXProject section */

/* Begin PBXResourcesBuildPhase section */
		16B2880D25139E9900A4587F /* Resources */ = {
			isa = PBXResourcesBuildPhase;
			buildActionMask = 2147483647;
			files = (
				16B2881F25139E9B00A4587F /* LaunchScreen.storyboard in Resources */,
				161984242517529B00B495BE /* GoogleService-Info.plist in Resources */,
				16B2881C25139E9B00A4587F /* Assets.xcassets in Resources */,
				16B2881A25139E9900A4587F /* Main.storyboard in Resources */,
			);
			runOnlyForDeploymentPostprocessing = 0;
		};
		16B2882325139E9B00A4587F /* Resources */ = {
			isa = PBXResourcesBuildPhase;
			buildActionMask = 2147483647;
			files = (
			);
			runOnlyForDeploymentPostprocessing = 0;
		};
		16B2882E25139E9B00A4587F /* Resources */ = {
			isa = PBXResourcesBuildPhase;
			buildActionMask = 2147483647;
			files = (
			);
			runOnlyForDeploymentPostprocessing = 0;
		};
/* End PBXResourcesBuildPhase section */

/* Begin PBXShellScriptBuildPhase section */
		768C565AF94CA38F66FBAF6C /* [CP] Check Pods Manifest.lock */ = {
			isa = PBXShellScriptBuildPhase;
			buildActionMask = 2147483647;
			files = (
			);
			inputFileListPaths = (
			);
			inputPaths = (
				"${PODS_PODFILE_DIR_PATH}/Podfile.lock",
				"${PODS_ROOT}/Manifest.lock",
			);
			name = "[CP] Check Pods Manifest.lock";
			outputFileListPaths = (
			);
			outputPaths = (
				"$(DERIVED_FILE_DIR)/Pods-Test2Tests-checkManifestLockResult.txt",
			);
			runOnlyForDeploymentPostprocessing = 0;
			shellPath = /bin/sh;
			shellScript = "diff \"${PODS_PODFILE_DIR_PATH}/Podfile.lock\" \"${PODS_ROOT}/Manifest.lock\" > /dev/null\nif [ $? != 0 ] ; then\n    # print error to STDERR\n    echo \"error: The sandbox is not in sync with the Podfile.lock. Run 'pod install' or update your CocoaPods installation.\" >&2\n    exit 1\nfi\n# This output is used by Xcode 'outputs' to avoid re-running this script phase.\necho \"SUCCESS\" > \"${SCRIPT_OUTPUT_FILE_0}\"\n";
			showEnvVarsInLog = 0;
		};
		A83ED10B1DAAA17C4DBBB303 /* [CP] Embed Pods Frameworks */ = {
			isa = PBXShellScriptBuildPhase;
			buildActionMask = 2147483647;
			files = (
			);
			inputFileListPaths = (
				"${PODS_ROOT}/Target Support Files/Pods-Test2/Pods-Test2-frameworks-${CONFIGURATION}-input-files.xcfilelist",
			);
			name = "[CP] Embed Pods Frameworks";
			outputFileListPaths = (
				"${PODS_ROOT}/Target Support Files/Pods-Test2/Pods-Test2-frameworks-${CONFIGURATION}-output-files.xcfilelist",
			);
			runOnlyForDeploymentPostprocessing = 0;
			shellPath = /bin/sh;
			shellScript = "\"${PODS_ROOT}/Target Support Files/Pods-Test2/Pods-Test2-frameworks.sh\"\n";
			showEnvVarsInLog = 0;
		};
		D33076BAE64B725954104FE8 /* [CP] Check Pods Manifest.lock */ = {
			isa = PBXShellScriptBuildPhase;
			buildActionMask = 2147483647;
			files = (
			);
			inputFileListPaths = (
			);
			inputPaths = (
				"${PODS_PODFILE_DIR_PATH}/Podfile.lock",
				"${PODS_ROOT}/Manifest.lock",
			);
			name = "[CP] Check Pods Manifest.lock";
			outputFileListPaths = (
			);
			outputPaths = (
				"$(DERIVED_FILE_DIR)/Pods-Test2-checkManifestLockResult.txt",
			);
			runOnlyForDeploymentPostprocessing = 0;
			shellPath = /bin/sh;
			shellScript = "diff \"${PODS_PODFILE_DIR_PATH}/Podfile.lock\" \"${PODS_ROOT}/Manifest.lock\" > /dev/null\nif [ $? != 0 ] ; then\n    # print error to STDERR\n    echo \"error: The sandbox is not in sync with the Podfile.lock. Run 'pod install' or update your CocoaPods installation.\" >&2\n    exit 1\nfi\n# This output is used by Xcode 'outputs' to avoid re-running this script phase.\necho \"SUCCESS\" > \"${SCRIPT_OUTPUT_FILE_0}\"\n";
			showEnvVarsInLog = 0;
		};
/* End PBXShellScriptBuildPhase section */

/* Begin PBXSourcesBuildPhase section */
		16B2880B25139E9900A4587F /* Sources */ = {
			isa = PBXSourcesBuildPhase;
			buildActionMask = 2147483647;
			files = (
				161984292517D47D00B495BE /* MapScreen.swift in Sources */,
				16B2881725139E9900A4587F /* ViewController.swift in Sources */,
				16B2881325139E9900A4587F /* AppDelegate.swift in Sources */,
				1619841D251730E900B495BE /* SignUpViewController.swift in Sources */,
				6F617E6025228A1A002E28A0 /* Student.swift in Sources */,
				1619841F2517310F00B495BE /* LoginViewController.swift in Sources */,
				161984272517A92100B495BE /* Constants.swift in Sources */,
				16B2881525139E9900A4587F /* SceneDelegate.swift in Sources */,
				161984212517313700B495BE /* HomeViewController.swift in Sources */,
			);
			runOnlyForDeploymentPostprocessing = 0;
		};
		16B2882125139E9B00A4587F /* Sources */ = {
			isa = PBXSourcesBuildPhase;
			buildActionMask = 2147483647;
			files = (
				16B2882A25139E9B00A4587F /* Test2Tests.swift in Sources */,
				6F617E6925228BBB002E28A0 /* StudentTests.swift in Sources */,
				6F617E6125228A1A002E28A0 /* Student.swift in Sources */,
			);
			runOnlyForDeploymentPostprocessing = 0;
		};
		16B2882C25139E9B00A4587F /* Sources */ = {
			isa = PBXSourcesBuildPhase;
			buildActionMask = 2147483647;
			files = (
				16B2883525139E9B00A4587F /* Test2UITests.swift in Sources */,
				6F617E6E25229F4B002E28A0 /* LoginUITest.swift in Sources */,
			);
			runOnlyForDeploymentPostprocessing = 0;
		};
/* End PBXSourcesBuildPhase section */

/* Begin PBXTargetDependency section */
		16B2882725139E9B00A4587F /* PBXTargetDependency */ = {
			isa = PBXTargetDependency;
			target = 16B2880E25139E9900A4587F /* Test2 */;
			targetProxy = 16B2882625139E9B00A4587F /* PBXContainerItemProxy */;
		};
		16B2883225139E9B00A4587F /* PBXTargetDependency */ = {
			isa = PBXTargetDependency;
			target = 16B2880E25139E9900A4587F /* Test2 */;
			targetProxy = 16B2883125139E9B00A4587F /* PBXContainerItemProxy */;
		};
/* End PBXTargetDependency section */

/* Begin PBXVariantGroup section */
		16B2881825139E9900A4587F /* Main.storyboard */ = {
			isa = PBXVariantGroup;
			children = (
				16B2881925139E9900A4587F /* Base */,
			);
			name = Main.storyboard;
			sourceTree = "<group>";
		};
		16B2881D25139E9B00A4587F /* LaunchScreen.storyboard */ = {
			isa = PBXVariantGroup;
			children = (
				16B2881E25139E9B00A4587F /* Base */,
			);
			name = LaunchScreen.storyboard;
			sourceTree = "<group>";
		};
/* End PBXVariantGroup section */

/* Begin XCBuildConfiguration section */
		16B2883725139E9B00A4587F /* Debug */ = {
			isa = XCBuildConfiguration;
			buildSettings = {
				ALWAYS_SEARCH_USER_PATHS = NO;
				CLANG_ANALYZER_NONNULL = YES;
				CLANG_ANALYZER_NUMBER_OBJECT_CONVERSION = YES_AGGRESSIVE;
				CLANG_CXX_LANGUAGE_STANDARD = "gnu++14";
				CLANG_CXX_LIBRARY = "libc++";
				CLANG_ENABLE_MODULES = YES;
				CLANG_ENABLE_OBJC_ARC = YES;
				CLANG_ENABLE_OBJC_WEAK = YES;
				CLANG_WARN_BLOCK_CAPTURE_AUTORELEASING = YES;
				CLANG_WARN_BOOL_CONVERSION = YES;
				CLANG_WARN_COMMA = YES;
				CLANG_WARN_CONSTANT_CONVERSION = YES;
				CLANG_WARN_DEPRECATED_OBJC_IMPLEMENTATIONS = YES;
				CLANG_WARN_DIRECT_OBJC_ISA_USAGE = YES_ERROR;
				CLANG_WARN_DOCUMENTATION_COMMENTS = YES;
				CLANG_WARN_EMPTY_BODY = YES;
				CLANG_WARN_ENUM_CONVERSION = YES;
				CLANG_WARN_INFINITE_RECURSION = YES;
				CLANG_WARN_INT_CONVERSION = YES;
				CLANG_WARN_NON_LITERAL_NULL_CONVERSION = YES;
				CLANG_WARN_OBJC_IMPLICIT_RETAIN_SELF = YES;
				CLANG_WARN_OBJC_LITERAL_CONVERSION = YES;
				CLANG_WARN_OBJC_ROOT_CLASS = YES_ERROR;
				CLANG_WARN_RANGE_LOOP_ANALYSIS = YES;
				CLANG_WARN_STRICT_PROTOTYPES = YES;
				CLANG_WARN_SUSPICIOUS_MOVE = YES;
				CLANG_WARN_UNGUARDED_AVAILABILITY = YES_AGGRESSIVE;
				CLANG_WARN_UNREACHABLE_CODE = YES;
				CLANG_WARN__DUPLICATE_METHOD_MATCH = YES;
				COPY_PHASE_STRIP = NO;
				DEBUG_INFORMATION_FORMAT = dwarf;
				ENABLE_STRICT_OBJC_MSGSEND = YES;
				ENABLE_TESTABILITY = YES;
				GCC_C_LANGUAGE_STANDARD = gnu11;
				GCC_DYNAMIC_NO_PIC = NO;
				GCC_NO_COMMON_BLOCKS = YES;
				GCC_OPTIMIZATION_LEVEL = 0;
				GCC_PREPROCESSOR_DEFINITIONS = (
					"DEBUG=1",
					"$(inherited)",
				);
				GCC_WARN_64_TO_32_BIT_CONVERSION = YES;
				GCC_WARN_ABOUT_RETURN_TYPE = YES_ERROR;
				GCC_WARN_UNDECLARED_SELECTOR = YES;
				GCC_WARN_UNINITIALIZED_AUTOS = YES_AGGRESSIVE;
				GCC_WARN_UNUSED_FUNCTION = YES;
				GCC_WARN_UNUSED_VARIABLE = YES;
				IPHONEOS_DEPLOYMENT_TARGET = 13.7;
				MTL_ENABLE_DEBUG_INFO = INCLUDE_SOURCE;
				MTL_FAST_MATH = YES;
				ONLY_ACTIVE_ARCH = YES;
				SDKROOT = iphoneos;
				SWIFT_ACTIVE_COMPILATION_CONDITIONS = DEBUG;
				SWIFT_OPTIMIZATION_LEVEL = "-Onone";
			};
			name = Debug;
		};
		16B2883825139E9B00A4587F /* Release */ = {
			isa = XCBuildConfiguration;
			buildSettings = {
				ALWAYS_SEARCH_USER_PATHS = NO;
				CLANG_ANALYZER_NONNULL = YES;
				CLANG_ANALYZER_NUMBER_OBJECT_CONVERSION = YES_AGGRESSIVE;
				CLANG_CXX_LANGUAGE_STANDARD = "gnu++14";
				CLANG_CXX_LIBRARY = "libc++";
				CLANG_ENABLE_MODULES = YES;
				CLANG_ENABLE_OBJC_ARC = YES;
				CLANG_ENABLE_OBJC_WEAK = YES;
				CLANG_WARN_BLOCK_CAPTURE_AUTORELEASING = YES;
				CLANG_WARN_BOOL_CONVERSION = YES;
				CLANG_WARN_COMMA = YES;
				CLANG_WARN_CONSTANT_CONVERSION = YES;
				CLANG_WARN_DEPRECATED_OBJC_IMPLEMENTATIONS = YES;
				CLANG_WARN_DIRECT_OBJC_ISA_USAGE = YES_ERROR;
				CLANG_WARN_DOCUMENTATION_COMMENTS = YES;
				CLANG_WARN_EMPTY_BODY = YES;
				CLANG_WARN_ENUM_CONVERSION = YES;
				CLANG_WARN_INFINITE_RECURSION = YES;
				CLANG_WARN_INT_CONVERSION = YES;
				CLANG_WARN_NON_LITERAL_NULL_CONVERSION = YES;
				CLANG_WARN_OBJC_IMPLICIT_RETAIN_SELF = YES;
				CLANG_WARN_OBJC_LITERAL_CONVERSION = YES;
				CLANG_WARN_OBJC_ROOT_CLASS = YES_ERROR;
				CLANG_WARN_RANGE_LOOP_ANALYSIS = YES;
				CLANG_WARN_STRICT_PROTOTYPES = YES;
				CLANG_WARN_SUSPICIOUS_MOVE = YES;
				CLANG_WARN_UNGUARDED_AVAILABILITY = YES_AGGRESSIVE;
				CLANG_WARN_UNREACHABLE_CODE = YES;
				CLANG_WARN__DUPLICATE_METHOD_MATCH = YES;
				COPY_PHASE_STRIP = NO;
				DEBUG_INFORMATION_FORMAT = "dwarf-with-dsym";
				ENABLE_NS_ASSERTIONS = NO;
				ENABLE_STRICT_OBJC_MSGSEND = YES;
				GCC_C_LANGUAGE_STANDARD = gnu11;
				GCC_NO_COMMON_BLOCKS = YES;
				GCC_WARN_64_TO_32_BIT_CONVERSION = YES;
				GCC_WARN_ABOUT_RETURN_TYPE = YES_ERROR;
				GCC_WARN_UNDECLARED_SELECTOR = YES;
				GCC_WARN_UNINITIALIZED_AUTOS = YES_AGGRESSIVE;
				GCC_WARN_UNUSED_FUNCTION = YES;
				GCC_WARN_UNUSED_VARIABLE = YES;
				IPHONEOS_DEPLOYMENT_TARGET = 13.7;
				MTL_ENABLE_DEBUG_INFO = NO;
				MTL_FAST_MATH = YES;
				SDKROOT = iphoneos;
				SWIFT_COMPILATION_MODE = wholemodule;
				SWIFT_OPTIMIZATION_LEVEL = "-O";
				VALIDATE_PRODUCT = YES;
			};
			name = Release;
		};
		16B2883A25139E9B00A4587F /* Debug */ = {
			isa = XCBuildConfiguration;
			baseConfigurationReference = D190D0F82AF5F9DE060E9B31 /* Pods-Test2.debug.xcconfig */;
			buildSettings = {
				ASSETCATALOG_COMPILER_APPICON_NAME = AppIcon;
				CODE_SIGN_STYLE = Automatic;
				DEVELOPMENT_TEAM = "";
				INFOPLIST_FILE = Test2/Info.plist;
				LD_RUNPATH_SEARCH_PATHS = (
					"$(inherited)",
					"@executable_path/Frameworks",
				);
				PRODUCT_BUNDLE_IDENTIFIER = com.nibm.Test2;
				PRODUCT_NAME = "$(TARGET_NAME)";
				SWIFT_VERSION = 5.0;
				TARGETED_DEVICE_FAMILY = "1,2";
			};
			name = Debug;
		};
		16B2883B25139E9B00A4587F /* Release */ = {
			isa = XCBuildConfiguration;
			baseConfigurationReference = 47D320590C0789EE959A701C /* Pods-Test2.release.xcconfig */;
			buildSettings = {
				ASSETCATALOG_COMPILER_APPICON_NAME = AppIcon;
				CODE_SIGN_STYLE = Automatic;
				DEVELOPMENT_TEAM = 9BPP8Z9KNT;
				INFOPLIST_FILE = Test2/Info.plist;
				LD_RUNPATH_SEARCH_PATHS = (
					"$(inherited)",
					"@executable_path/Frameworks",
				);
				PRODUCT_BUNDLE_IDENTIFIER = com.nibm.Test2;
				PRODUCT_NAME = "$(TARGET_NAME)";
				SWIFT_VERSION = 5.0;
				TARGETED_DEVICE_FAMILY = "1,2";
			};
			name = Release;
		};
		16B2883D25139E9B00A4587F /* Debug */ = {
			isa = XCBuildConfiguration;
			baseConfigurationReference = B05ECD60E905D135BDF04A49 /* Pods-Test2Tests.debug.xcconfig */;
			buildSettings = {
				ALWAYS_EMBED_SWIFT_STANDARD_LIBRARIES = YES;
				BUNDLE_LOADER = "$(TEST_HOST)";
				CODE_SIGN_STYLE = Automatic;
				INFOPLIST_FILE = Test2Tests/Info.plist;
				IPHONEOS_DEPLOYMENT_TARGET = 13.7;
				LD_RUNPATH_SEARCH_PATHS = (
					"$(inherited)",
					"@executable_path/Frameworks",
					"@loader_path/Frameworks",
				);
				PRODUCT_BUNDLE_IDENTIFIER = nibm.Test2Tests;
				PRODUCT_NAME = "$(TARGET_NAME)";
				SWIFT_VERSION = 5.0;
				TARGETED_DEVICE_FAMILY = "1,2";
				TEST_HOST = "$(BUILT_PRODUCTS_DIR)/Test2.app/Test2";
			};
			name = Debug;
		};
		16B2883E25139E9B00A4587F /* Release */ = {
			isa = XCBuildConfiguration;
			baseConfigurationReference = 53D5813D0734F3ADAEAA61C8 /* Pods-Test2Tests.release.xcconfig */;
			buildSettings = {
				ALWAYS_EMBED_SWIFT_STANDARD_LIBRARIES = YES;
				BUNDLE_LOADER = "$(TEST_HOST)";
				CODE_SIGN_STYLE = Automatic;
				INFOPLIST_FILE = Test2Tests/Info.plist;
				IPHONEOS_DEPLOYMENT_TARGET = 13.7;
				LD_RUNPATH_SEARCH_PATHS = (
					"$(inherited)",
					"@executable_path/Frameworks",
					"@loader_path/Frameworks",
				);
				PRODUCT_BUNDLE_IDENTIFIER = nibm.Test2Tests;
				PRODUCT_NAME = "$(TARGET_NAME)";
				SWIFT_VERSION = 5.0;
				TARGETED_DEVICE_FAMILY = "1,2";
				TEST_HOST = "$(BUILT_PRODUCTS_DIR)/Test2.app/Test2";
			};
			name = Release;
		};
		16B2884025139E9B00A4587F /* Debug */ = {
			isa = XCBuildConfiguration;
			buildSettings = {
				ALWAYS_EMBED_SWIFT_STANDARD_LIBRARIES = YES;
				CODE_SIGN_STYLE = Automatic;
				INFOPLIST_FILE = Test2UITests/Info.plist;
				LD_RUNPATH_SEARCH_PATHS = (
					"$(inherited)",
					"@executable_path/Frameworks",
					"@loader_path/Frameworks",
				);
				PRODUCT_BUNDLE_IDENTIFIER = nibm.Test2UITests;
				PRODUCT_NAME = "$(TARGET_NAME)";
				SWIFT_VERSION = 5.0;
				TARGETED_DEVICE_FAMILY = "1,2";
				TEST_TARGET_NAME = Test2;
			};
			name = Debug;
		};
		16B2884125139E9B00A4587F /* Release */ = {
			isa = XCBuildConfiguration;
			buildSettings = {
				ALWAYS_EMBED_SWIFT_STANDARD_LIBRARIES = YES;
				CODE_SIGN_STYLE = Automatic;
				INFOPLIST_FILE = Test2UITests/Info.plist;
				LD_RUNPATH_SEARCH_PATHS = (
					"$(inherited)",
					"@executable_path/Frameworks",
					"@loader_path/Frameworks",
				);
				PRODUCT_BUNDLE_IDENTIFIER = nibm.Test2UITests;
				PRODUCT_NAME = "$(TARGET_NAME)";
				SWIFT_VERSION = 5.0;
				TARGETED_DEVICE_FAMILY = "1,2";
				TEST_TARGET_NAME = Test2;
			};
			name = Release;
		};
/* End XCBuildConfiguration section */

/* Begin XCConfigurationList section */
		16B2880A25139E9900A4587F /* Build configuration list for PBXProject "Test2" */ = {
			isa = XCConfigurationList;
			buildConfigurations = (
				16B2883725139E9B00A4587F /* Debug */,
				16B2883825139E9B00A4587F /* Release */,
			);
			defaultConfigurationIsVisible = 0;
			defaultConfigurationName = Release;
		};
		16B2883925139E9B00A4587F /* Build configuration list for PBXNativeTarget "Test2" */ = {
			isa = XCConfigurationList;
			buildConfigurations = (
				16B2883A25139E9B00A4587F /* Debug */,
				16B2883B25139E9B00A4587F /* Release */,
			);
			defaultConfigurationIsVisible = 0;
			defaultConfigurationName = Release;
		};
		16B2883C25139E9B00A4587F /* Build configuration list for PBXNativeTarget "Test2Tests" */ = {
			isa = XCConfigurationList;
			buildConfigurations = (
				16B2883D25139E9B00A4587F /* Debug */,
				16B2883E25139E9B00A4587F /* Release */,
			);
			defaultConfigurationIsVisible = 0;
			defaultConfigurationName = Release;
		};
		16B2883F25139E9B00A4587F /* Build configuration list for PBXNativeTarget "Test2UITests" */ = {
			isa = XCConfigurationList;
			buildConfigurations = (
				16B2884025139E9B00A4587F /* Debug */,
				16B2884125139E9B00A4587F /* Release */,
			);
			defaultConfigurationIsVisible = 0;
			defaultConfigurationName = Release;
		};
/* End XCConfigurationList section */
	};
	rootObject = 16B2880725139E9900A4587F /* Project object */;
}
